# THIS IS AN AUTOGENERATED FILE. DO NOT EDIT THIS FILE DIRECTLY.
# yarn lockfile v1


lua-types@^2.11.0:
  version "2.11.0"
  resolved "https://registry.yarnpkg.com/lua-types/-/lua-types-2.11.0.tgz#f4ecdc1eb9914a8af996f4aeb51a0e32284e5058"
  integrity sha512-J/8qHrOjkZuPBDhnuAg0DWoaJEImqXNzgEnUigCTVrSVCcchM5Y5zpcI3aWAZPhuZlb0QKC/f3nc7VGmZmBg7w==
